lockfileVersion: '9.0'

settings:
  autoInstallPeers: false
  excludeLinksFromLockfile: false

importers:

  .:
    dependencies:
      '@anysearch/anysearch-dsh':
        specifier: ^0.1.4
        version: 0.1.4
      '@deepseek-ai/dsh-client-ui-changes':
        specifier: link:/home/zhoupeng/.dsh/packages/client/ui-changes
        version: link:../../packages/client/ui-changes
      '@deepseek-ai/dsh-client-ui-chat-tab-icons':
        specifier: link:/home/zhoupeng/.dsh/packages/client/ui-chat-tab-icons
        version: link:../../packages/client/ui-chat-tab-icons
      '@deepseek-ai/dsh-client-ui-edits':
        specifier: link:/home/zhoupeng/.dsh/packages/client/ui-edits
        version: link:../../packages/client/ui-edits
      '@deepseek-ai/dsh-client-ui-git':
        specifier: link:/home/zhoupeng/.dsh/packages/client/ui-git
        version: link:../../packages/client/ui-git
      '@deepseek-ai/dsh-client-ui-session-metrics':
        specifier: link:/home/zhoupeng/.dsh/packages/client/ui-session-metrics
        version: link:../../packages/client/ui-session-metrics

packages:

  '@anysearch/anysearch-dsh@0.1.4':
    resolution: {integrity: sha512-v7jb1oTrMcfq+DxMoRvwDZQ8xVCvU/Pf4MJKnGXAKt35GUzsLFfJW8eKgSg837/kzEVZTGg64lM94UwgiNMUuQ==}
    engines: {node: ^22.19.0 || >=24.0.0}
    peerDependencies:
      '@deepseek-ai/cordis': '>=4.0.1-rc.1 <5'
      '@deepseek-ai/dsh-credentials': '>=0.1.0-rc.6 <0.1.1 || >=0.1.1-rc.1 <0.1.2'
      '@deepseek-ai/dsh-system-prompt': '>=0.1.0-rc.6 <0.1.1 || >=0.1.1-rc.1 <0.1.2'
      '@deepseek-ai/dsh-tool-web': '>=0.1.0-rc.6 <0.1.1 || >=0.1.1-rc.1 <0.1.2'
      '@deepseek-ai/dsh-tools': '>=0.1.0-rc.6 <0.1.1 || >=0.1.1-rc.1 <0.1.2'
      '@deepseek-ai/dsh-web': '>=0.1.0-rc.6 <0.1.1 || >=0.1.1-rc.1 <0.1.2'

  '@deepseek-ai/cosmokit@1.8.3':
    resolution: {integrity: sha512-qBo+ronVM6Eu2WNVJXi8JcMiqZ19T9BRIpV+5qJUFPXjGH/Z0QKcQMC/IZJ7L394YTOtJgcovbk9qP0w2GsBXQ==}

  '@deepseek-ai/schemastery@3.18.2':
    resolution: {integrity: sha512-njDtZsznjYxok7KLLlHOPyuv2efdWVbSflAHgztSfbMsg+CVraEoRe2DjOCgClYv3ZCSm7WXoaUkbB/+RY7tWQ==}

  '@standard-schema/spec@1.1.0':
    resolution: {integrity: sha512-l2aFy5jALhniG5HgqrD6jXLi/rUWrKvqN/qJx6yoJsgKhblVd+iqqU4RCXavm/jPityDo5TCvKMnpjKnOriy0w==}

snapshots:

  '@anysearch/anysearch-dsh@0.1.4':
    dependencies:
      '@deepseek-ai/schemastery': 3.18.2

  '@deepseek-ai/cosmokit@1.8.3': {}

  '@deepseek-ai/schemastery@3.18.2':
    dependencies:
      '@deepseek-ai/cosmokit': 1.8.3
      '@standard-schema/spec': 1.1.0

  '@standard-schema/spec@1.1.0': {}
